
Microsoft Visual Studio Solution File, Format Version 12.00
# Visual Studio Version 16
VisualStudioVersion = 16.0.33423.256
MinimumVisualStudioVersion = 10.0.40219.1
Project("{FAE04EC0-301F-11D3-BF4B-00C04F79EFBC}") = "TinhTongCacPhanTuCuaMang", "TinhTongCacPhanTuCuaMang.csproj", "{BE6C6CF2-8309-49EE-BB81-B9EDD0C639D1}"
EndProject
Global
	GlobalSection(SolutionConfigurationPlatforms) = preSolution
		Debug|Any CPU = Debug|Any CPU
		Release|Any CPU = Release|Any CPU
	EndGlobalSection
	GlobalSection(ProjectConfigurationPlatforms) = postSolution
		{BE6C6CF2-8309-49EE-BB81-B9EDD0C639D1}.Debug|Any CPU.ActiveCfg = Debug|Any CPU
		{BE6C6CF2-8309-49EE-BB81-B9EDD0C639D1}.Debug|Any CPU.Build.0 = Debug|Any CPU
		{BE6C6CF2-8309-49EE-BB81-B9EDD0C639D1}.Release|Any CPU.ActiveCfg = Release|Any CPU
		{BE6C6CF2-8309-49EE-BB81-B9EDD0C639D1}.Release|Any CPU.Build.0 = Release|Any CPU
	EndGlobalSection
	GlobalSection(SolutionProperties) = preSolution
		HideSolutionNode = FALSE
	EndGlobalSection
	GlobalSection(ExtensibilityGlobals) = postSolution
		SolutionGuid = {6CD09D68-6B5C-4168-B685-83DE48C58197}
	EndGlobalSection
EndGlobal
